
Microsoft Visual Studio Solution File, Format Version 12.00
# Visual Studio Version 17
VisualStudioVersion = 17.10.34928.147
MinimumVisualStudioVersion = 10.0.40219.1
Project("{9A19103F-16F7-4668-BE54-9A1E7A4F7556}") = "FastBAI", "FastBAI.csproj", "{2ACA1856-79D7-41CA-A45D-FCEA89B09FDE}"
EndProject
Global
	GlobalSection(SolutionConfigurationPlatforms) = preSolution
		Debug|Any CPU = Debug|Any CPU
		Release|Any CPU = Release|Any CPU
	EndGlobalSection
	GlobalSection(ProjectConfigurationPlatforms) = postSolution
		{2ACA1856-79D7-41CA-A45D-FCEA89B09FDE}.Debug|Any CPU.ActiveCfg = Debug|Any CPU
		{2ACA1856-79D7-41CA-A45D-FCEA89B09FDE}.Debug|Any CPU.Build.0 = Debug|Any CPU
		{2ACA1856-79D7-41CA-A45D-FCEA89B09FDE}.Release|Any CPU.ActiveCfg = Release|Any CPU
		{2ACA1856-79D7-41CA-A45D-FCEA89B09FDE}.Release|Any CPU.Build.0 = Release|Any CPU
	EndGlobalSection
	GlobalSection(SolutionProperties) = preSolution
		HideSolutionNode = FALSE
	EndGlobalSection
	GlobalSection(ExtensibilityGlobals) = postSolution
		SolutionGuid = {E0F590A6-69B3-4E97-8E94-E7E217C1814A}
	EndGlobalSection
EndGlobal
